# This file is automatically @generated by Cargo.
# It is not intended for manual editing.
version = 4

[[package]]
name = "ba00"
version = "0.1.0"

[[package]]
name = "ba01"
version = "0.1.0"

[[package]]
name = "ba02"
version = "0.1.0"

[[package]]
name = "ba03"
version = "0.1.0"

[[package]]
name = "ba04"
version = "0.1.0"

[[package]]
name = "ba05"
version = "0.1.0"
